
Microsoft Visual Studio Solution File, Format Version 12.00
# Visual Studio Version 17
VisualStudioVersion = 17.4.33205.214
MinimumVisualStudioVersion = 10.0.40219.1
Project("{9A19103F-16F7-4668-BE54-9A1E7A4F7556}") = "POS_CASHMasters", "POS_CASHMasters\POS_CASHMasters.csproj", "{525E0C25-38C2-4641-A374-33A016C1D337}"
EndProject
Project("{9A19103F-16F7-4668-BE54-9A1E7A4F7556}") = "CalculusFunctions", "CalculusFunctions\CalculusFunctions.csproj", "{8D4480D0-E773-44B1-8897-AC1D4CE704B1}"
EndProject
Project("{FAE04EC0-301F-11D3-BF4B-00C04F79EFBC}") = "Common", "Catalogs\Common.csproj", "{94317C00-108D-4531-822C-C6BE08C4F065}"
EndProject
Project("{FAE04EC0-301F-11D3-BF4B-00C04F79EFBC}") = "POS_Test", "POS_Test\POS_Test.csproj", "{F86F0152-53AB-47A7-8A72-3613F153A0C7}"
EndProject
Global
	GlobalSection(SolutionConfigurationPlatforms) = preSolution
		Debug|Any CPU = Debug|Any CPU
		Release|Any CPU = Release|Any CPU
	EndGlobalSection
	GlobalSection(ProjectConfigurationPlatforms) = postSolution
		{525E0C25-38C2-4641-A374-33A016C1D337}.Debug|Any CPU.ActiveCfg = Debug|Any CPU
		{525E0C25-38C2-4641-A374-33A016C1D337}.Debug|Any CPU.Build.0 = Debug|Any CPU
		{525E0C25-38C2-4641-A374-33A016C1D337}.Release|Any CPU.ActiveCfg = Release|Any CPU
		{525E0C25-38C2-4641-A374-33A016C1D337}.Release|Any CPU.Build.0 = Release|Any CPU
		{8D4480D0-E773-44B1-8897-AC1D4CE704B1}.Debug|Any CPU.ActiveCfg = Debug|Any CPU
		{8D4480D0-E773-44B1-8897-AC1D4CE704B1}.Debug|Any CPU.Build.0 = Debug|Any CPU
		{8D4480D0-E773-44B1-8897-AC1D4CE704B1}.Release|Any CPU.ActiveCfg = Release|Any CPU
		{8D4480D0-E773-44B1-8897-AC1D4CE704B1}.Release|Any CPU.Build.0 = Release|Any CPU
		{94317C00-108D-4531-822C-C6BE08C4F065}.Debug|Any CPU.ActiveCfg = Debug|Any CPU
		{94317C00-108D-4531-822C-C6BE08C4F065}.Debug|Any CPU.Build.0 = Debug|Any CPU
		{94317C00-108D-4531-822C-C6BE08C4F065}.Release|Any CPU.ActiveCfg = Release|Any CPU
		{94317C00-108D-4531-822C-C6BE08C4F065}.Release|Any CPU.Build.0 = Release|Any CPU
		{F86F0152-53AB-47A7-8A72-3613F153A0C7}.Debug|Any CPU.ActiveCfg = Debug|Any CPU
		{F86F0152-53AB-47A7-8A72-3613F153A0C7}.Debug|Any CPU.Build.0 = Debug|Any CPU
		{F86F0152-53AB-47A7-8A72-3613F153A0C7}.Release|Any CPU.ActiveCfg = Release|Any CPU
		{F86F0152-53AB-47A7-8A72-3613F153A0C7}.Release|Any CPU.Build.0 = Release|Any CPU
	EndGlobalSection
	GlobalSection(SolutionProperties) = preSolution
		HideSolutionNode = FALSE
	EndGlobalSection
	GlobalSection(ExtensibilityGlobals) = postSolution
		SolutionGuid = {9F5C1352-E332-4F96-AE8D-3667AC020126}
	EndGlobalSection
EndGlobal
